{
    "name": "@justaddjam/prettier",
    "version": "0.5.0",
    "lockfileVersion": 1,
    "requires": true,
    "dependencies": {
        "@justaddjam/tsconfig": {
            "version": "0.5.0",
            "resolved": "https://registry.npmjs.org/@justaddjam/tsconfig/-/tsconfig-0.5.0.tgz",
            "integrity": "sha512-FoEJWN3/Hror24I5yBinl10MxiO3BOfO8cp84Pb6ibmqC1Frl7669xIIatXnsL6B63nVf7+wY6q4lTlEI5RqPQ==",
            "dev": true
        },
        "@types/prettier": {
            "version": "1.18.2",
            "resolved": "https://registry.npmjs.org/@types/prettier/-/prettier-1.18.2.tgz",
            "integrity": "sha512-2JBasa5Qaj81Qsp/dxX2Njy+MdKC767WytHUDsRM7TYEfQvKPxsnGpnCBlBS1i2Aiv1YwCpmKSbQ6O6v8TpiKg=="
        },
        "prettier": {
            "version": "1.18.2",
            "resolved": "https://registry.npmjs.org/prettier/-/prettier-1.18.2.tgz",
            "integrity": "sha512-OeHeMc0JhFE9idD4ZdtNibzY0+TPHSpSSb9h8FqtP+YnoZZ1sl8Vc9b1sasjfymH3SonAF4QcA2+mzHPhMvIiw=="
        },
        "typescript": {
            "version": "4.1.2",
            "resolved": "https://registry.npmjs.org/typescript/-/typescript-4.1.2.tgz",
            "integrity": "sha512-thGloWsGH3SOxv1SoY7QojKi0tc+8FnOmiarEGMbd/lar7QOEd3hvlx3Fp5y6FlDUGl9L+pd4n2e+oToGMmhRQ==",
            "dev": true
        }
    }
}
